
Microsoft Visual Studio Solution File, Format Version 12.00
# Visual Studio Version 16
VisualStudioVersion = 16.0.30804.86
MinimumVisualStudioVersion = 10.0.40219.1
Project("{FAE04EC0-301F-11D3-BF4B-00C04F79EFBC}") = "ExercicioPoo02", "ExercicioPoo02\ExercicioPoo02.csproj", "{45038EC6-FDC5-4ABE-B9B6-A54B1A064247}"
EndProject
Global
	GlobalSection(SolutionConfigurationPlatforms) = preSolution
		Debug|Any CPU = Debug|Any CPU
		Release|Any CPU = Release|Any CPU
	EndGlobalSection
	GlobalSection(ProjectConfigurationPlatforms) = postSolution
		{45038EC6-FDC5-4ABE-B9B6-A54B1A064247}.Debug|Any CPU.ActiveCfg = Debug|Any CPU
		{45038EC6-FDC5-4ABE-B9B6-A54B1A064247}.Debug|Any CPU.Build.0 = Debug|Any CPU
		{45038EC6-FDC5-4ABE-B9B6-A54B1A064247}.Release|Any CPU.ActiveCfg = Release|Any CPU
		{45038EC6-FDC5-4ABE-B9B6-A54B1A064247}.Release|Any CPU.Build.0 = Release|Any CPU
	EndGlobalSection
	GlobalSection(SolutionProperties) = preSolution
		HideSolutionNode = FALSE
	EndGlobalSection
	GlobalSection(ExtensibilityGlobals) = postSolution
		SolutionGuid = {68A775BA-4225-4E31-8E70-6D010F8C176B}
	EndGlobalSection
EndGlobal
