
Microsoft Visual Studio Solution File, Format Version 12.00
# Visual Studio Version 16
VisualStudioVersion = 16.0.30804.86
MinimumVisualStudioVersion = 10.0.40219.1
Project("{FAE04EC0-301F-11D3-BF4B-00C04F79EFBC}") = "ExercicioPoo01", "ExercicioPoo\ExercicioPoo01.csproj", "{5A3B26EC-4C3E-4AAA-ABC2-72400067FBDE}"
EndProject
Global
	GlobalSection(SolutionConfigurationPlatforms) = preSolution
		Debug|Any CPU = Debug|Any CPU
		Release|Any CPU = Release|Any CPU
	EndGlobalSection
	GlobalSection(ProjectConfigurationPlatforms) = postSolution
		{5A3B26EC-4C3E-4AAA-ABC2-72400067FBDE}.Debug|Any CPU.ActiveCfg = Debug|Any CPU
		{5A3B26EC-4C3E-4AAA-ABC2-72400067FBDE}.Debug|Any CPU.Build.0 = Debug|Any CPU
		{5A3B26EC-4C3E-4AAA-ABC2-72400067FBDE}.Release|Any CPU.ActiveCfg = Release|Any CPU
		{5A3B26EC-4C3E-4AAA-ABC2-72400067FBDE}.Release|Any CPU.Build.0 = Release|Any CPU
	EndGlobalSection
	GlobalSection(SolutionProperties) = preSolution
		HideSolutionNode = FALSE
	EndGlobalSection
	GlobalSection(ExtensibilityGlobals) = postSolution
		SolutionGuid = {567529A1-56D4-4E47-BB28-015D23ACD32A}
	EndGlobalSection
EndGlobal
